PODS:
  - BonMot (5.6.0)
  - DeepDiff (2.3.1)
  - NeedleFoundation (0.17.2)
  - PINCache (3.0.3):
    - PINCache/Arc-exception-safe (= 3.0.3)
    - PINCache/Core (= 3.0.3)
  - PINCache/Arc-exception-safe (3.0.3):
    - PINCache/Core
  - PINCache/Core (3.0.3):
    - PINOperation (~> 1.2.1)
  - PINOperation (1.2.1)
  - PINRemoteImage/Core (3.0.3):
    - PINOperation
  - PINRemoteImage/iOS (3.0.3):
    - PINRemoteImage/Core
  - PINRemoteImage/PINCache (3.0.3):
    - PINCache (~> 3.0.3)
    - PINRemoteImage/Core
  - Texture (3.0.0):
    - Texture/AssetsLibrary (= 3.0.0)
    - Texture/Core (= 3.0.0)
    - Texture/MapKit (= 3.0.0)
    - Texture/Photos (= 3.0.0)
    - Texture/PINRemoteImage (= 3.0.0)
    - Texture/Video (= 3.0.0)
  - Texture/AssetsLibrary (3.0.0):
    - Texture/Core
  - Texture/Core (3.0.0)
  - Texture/MapKit (3.0.0):
    - Texture/Core
  - Texture/Photos (3.0.0):
    - Texture/Core
  - Texture/PINRemoteImage (3.0.0):
    - PINRemoteImage/iOS (~> 3.0.0)
    - PINRemoteImage/PINCache
    - Texture/Core
  - Texture/Video (3.0.0):
    - Texture/Core
  - Then (2.7.0)

DEPENDENCIES:
  - BonMot
  - DeepDiff
  - NeedleFoundation
  - Texture
  - Then

SPEC REPOS:
  trunk:
    - BonMot
    - DeepDiff
    - NeedleFoundation
    - PINCache
    - PINOperation
    - PINRemoteImage
    - Texture
    - Then

SPEC CHECKSUMS:
  BonMot: 2217a66e5ddc6a8d2ffb759fe8c85a8528e0d3e7
  DeepDiff: e5ae6c50d0321568e4508cec5930b9f10bb293fc
  NeedleFoundation: 36cfaea9ae9eb527a796f5c1df19296c722666b8
  PINCache: 7a8fc1a691173d21dbddbf86cd515de6efa55086
  PINOperation: 00c935935f1e8cf0d1e2d6b542e75b88fc3e5e20
  PINRemoteImage: f1295b29f8c5e640e25335a1b2bd9d805171bd01
  Texture: 2f109e937850d94d1d07232041c9c7313ccddb81
  Then: acfe0be7e98221c6204e12f8161459606d5d822d

PODFILE CHECKSUM: 7a0a1ddb7c14d2d87f55be49fbb492409ecbc0f4

COCOAPODS: 1.10.2
